
Microsoft Visual Studio Solution File, Format Version 12.00
# Visual Studio Version 17
VisualStudioVersion = 17.6.33815.320
MinimumVisualStudioVersion = 10.0.40219.1
Project("{8BC9CEB8-8B4A-11D0-8D11-00A0C91BC942}") = "OpenCVBridge", "OpenCVBridge\OpenCVBridge.vcxproj", "{5950CBC1-0745-478F-B762-94274330B5A8}"
EndProject
Global
	GlobalSection(SolutionConfigurationPlatforms) = preSolution
		Debug|ARM = Debug|ARM
		Debug|ARM64 = Debug|ARM64
		Debug|x64 = Debug|x64
		Debug|x86 = Debug|x86
		Release|ARM = Release|ARM
		Release|ARM64 = Release|ARM64
		Release|x64 = Release|x64
		Release|x86 = Release|x86
	EndGlobalSection
	GlobalSection(ProjectConfigurationPlatforms) = postSolution
		{5950CBC1-0745-478F-B762-94274330B5A8}.Debug|ARM.ActiveCfg = Debug|ARM
		{5950CBC1-0745-478F-B762-94274330B5A8}.Debug|ARM.Build.0 = Debug|ARM
		{5950CBC1-0745-478F-B762-94274330B5A8}.Debug|ARM64.ActiveCfg = Debug|ARM64
		{5950CBC1-0745-478F-B762-94274330B5A8}.Debug|ARM64.Build.0 = Debug|ARM64
		{5950CBC1-0745-478F-B762-94274330B5A8}.Debug|x64.ActiveCfg = Debug|x64
		{5950CBC1-0745-478F-B762-94274330B5A8}.Debug|x64.Build.0 = Debug|x64
		{5950CBC1-0745-478F-B762-94274330B5A8}.Debug|x86.ActiveCfg = Debug|Win32
		{5950CBC1-0745-478F-B762-94274330B5A8}.Debug|x86.Build.0 = Debug|Win32
		{5950CBC1-0745-478F-B762-94274330B5A8}.Release|ARM.ActiveCfg = Release|ARM
		{5950CBC1-0745-478F-B762-94274330B5A8}.Release|ARM.Build.0 = Release|ARM
		{5950CBC1-0745-478F-B762-94274330B5A8}.Release|ARM64.ActiveCfg = Release|ARM64
		{5950CBC1-0745-478F-B762-94274330B5A8}.Release|ARM64.Build.0 = Release|ARM64
		{5950CBC1-0745-478F-B762-94274330B5A8}.Release|x64.ActiveCfg = Release|x64
		{5950CBC1-0745-478F-B762-94274330B5A8}.Release|x64.Build.0 = Release|x64
		{5950CBC1-0745-478F-B762-94274330B5A8}.Release|x86.ActiveCfg = Release|Win32
		{5950CBC1-0745-478F-B762-94274330B5A8}.Release|x86.Build.0 = Release|Win32
	EndGlobalSection
	GlobalSection(SolutionProperties) = preSolution
		HideSolutionNode = FALSE
	EndGlobalSection
	GlobalSection(ExtensibilityGlobals) = postSolution
		SolutionGuid = {39F138D8-3B8A-4704-B959-0EC84795F893}
	EndGlobalSection
EndGlobal
